NeoBundleLock SingleCompile 4004d12f0cdafbc3299c0991e59cf26b1e6c4630
NeoBundleLock VimClojure 2a17c249571395a7f45523d38cac6a9326ecf8f1
NeoBundleLock VimCoder.jar 598b86fdbf3ac3b9c903eeb9dc41254d10af7a55
NeoBundleLock caw.vim 20b15cfe78ac5cde0e17b495e9256fe1b4577987
NeoBundleLock colorizer 9d6dc32e6ec17615f9c0b286a989931db0f67542
NeoBundleLock flake8-vim 964f344caad1c21e01d05b190055dfb426279538
NeoBundleLock indentLine ea6548ead8e8fcec46fcff13993059678b5be9a2
NeoBundleLock javacomplete f3d9ce93b4452baf5cb15b68d3b2a925a10a6e7d
NeoBundleLock jedi-vim dc23f0b859d3b5c087921b68cf7cd66803ecca83
NeoBundleLock jellybeans.vim f931895c20681684278aef2ffd810730b9c36ec3
NeoBundleLock jscomplete-vim d3af71c06a07f1285f3a6f82b032f3c8fb9744eb
NeoBundleLock landscape.vim 74fdf3c09dc00ee81cdfef874e2a7eed9cc3d397
NeoBundleLock lexima.vim ea7b46268b74358c03fcb4b12a6ce76d9236b49e
NeoBundleLock lightline.vim 387606ebc57e4f5a48f788397ce8a3aee4ce5a23
NeoBundleLock neobundle.vim f5ace1d749382ab5e5a22670d57c61303a927b72
NeoBundleLock neocomplcache d83bcbd0b142eb8de9d669ead26914cd7322a51c
NeoBundleLock neocomplete.vim e5ec44a332e0179e320e2f76cfca8b9411fed354
NeoBundleLock neosnippet-snippets 281c851275c9b4e3c42bbb383d3e9c5d42c66786
NeoBundleLock neosnippet.vim 044c9cb8ca46a5e27eec37198990c26fe707b02a
NeoBundleLock nerdtree 3b98a7fcae8f9fff356907171f0406ff8cd28921
NeoBundleLock open-browser.vim e17535850b8096b79907df9059fb43c51448f038
NeoBundleLock previm b130f24277e3c6a5afa3984921516b0a83b31d28
NeoBundleLock syntastic 69d20efc620ff9edcc05d7d75a2f775f85284ed0
NeoBundleLock tcomment_vim 8955e2ee67194de3b6b763b7f01e3c164411c0e6
NeoBundleLock tern_for_vim 373f56e275977cb45fdfd3a4406d4e72f3cbc682
NeoBundleLock unite-webcolorname 195ace131bf0270426c2baff95913401db722b39
NeoBundleLock unite.vim 854e39769a0b1c6d8093cc4f76b4d31b9f2c092d
NeoBundleLock vaxe 1e49a0b62969821bf44f4e3d912f1525b45dfe75
NeoBundleLock vim-airline 1b8e4b965adc97af623bf71c046c7d7408aba725
NeoBundleLock vim-fugitive 0095769029709b531d2505ee6ad9907dd9bd72a0
NeoBundleLock vim-gitgutter a86a32c530966966693773bc1474e34ca9d4ae29
NeoBundleLock vim-hybrid 7d530218dbcc5b5a9d473bcd2dbd2a85e7be99fd
NeoBundleLock vim-indent-guides eec1b629dc4cfa3986d20f21d4b4489732cd3f5a
NeoBundleLock vim-markdown 642730fccce7e78c995389f3c430747d266efa96
NeoBundleLock vim-python-pep8-indent f4f95ee041370e3e79bb72cb9b360a4ec5707785
NeoBundleLock vim-quickrun f6af619e66edb3a9b034f6c7a46025732347285c
NeoBundleLock vim-quickrun-markdown-gfm ea8c26c4980eb84ae2bdbc99c753fcbaad557395
NeoBundleLock vim-rails abf87ba2ebe07e1a4112a7921c06842070ef2f81
NeoBundleLock vim-ruby c298d2f352559f0c690d5e75f7ed6ce0c61ff474
NeoBundleLock vim-slim 0daaa8581f9a9968cebbc7d14ae9acf1625c0389
NeoBundleLock vim-slime a36a8846a649249e61661396919ff4107c7d1f26
NeoBundleLock vim-snippets af5fad426467da3f25688d4e00556448b6ba85ff
NeoBundleLock vim-surround 2d05440ad23f97a7874ebd9b5de3a0e65d25d85c
NeoBundleLock vim-trailing-whitespace 478b217d299b6f5938b43a4929d6bb0907cc3a56
NeoBundleLock vim-visualstudio 573f1ae7d44076a3e5b5f12927230605d2219644
NeoBundleLock vim-wakatime 91262cb3c04fe4d98ecdffe8da2197537c66359c
NeoBundleLock vimproc 0f68bcd93399ecbcde3eaa4efd09107314c9bdee
NeoBundleLock vimshell b65c2d530a7e42572bf404c7f8744655a4091ebe
